{
  "originHash" : "c54e5795fe4f8f7a00a7b78c49ac8f976c8c0493d177a636bfc519de532206b1",
  "pins" : [
    {
      "identity" : "kingfisher",
      "kind" : "remoteSourceControl",
      "location" : "https://github.com/onevcat/Kingfisher.git",
      "state" : {
        "revision" : "ef40458c27ccc65aec62c0cc65da296e07264ffd",
        "version" : "8.4.0"
      }
    },
    {
      "identity" : "toastui",
      "kind" : "remoteSourceControl",
      "location" : "https://github.com/quanshousio/ToastUI.git",
      "state" : {
        "revision" : "146e2f52c132f681fbf798c8c9f0eb52f021f346",
        "version" : "4.0.0"
      }
    }
  ],
  "version" : 3
}
