{
  "originHash" : "4ffd113f6a4e2ba96bb8c3e31868807a4a65540f0cc34f0d25d302bf660e514b",
  "pins" : [
    {
      "identity" : "kingfisher",
      "kind" : "remoteSourceControl",
      "location" : "https://github.com/onevcat/Kingfisher.git",
      "state" : {
        "revision" : "ef40458c27ccc65aec62c0cc65da296e07264ffd",
        "version" : "8.4.0"
      }
    }
  ],
  "version" : 3
}
